
Microsoft Visual Studio Solution File, Format Version 12.00
# Visual Studio Version 16
VisualStudioVersion = 16.0.28803.156
MinimumVisualStudioVersion = 10.0.40219.1
Project("{888888A0-9F3D-457C-B088-3A5042F75D52}") = "MLProject", "MLProject.pyproj", "{155D40DA-094F-4CB8-9B4C-357D9C9BAACE}"
EndProject
Global
	GlobalSection(SolutionConfigurationPlatforms) = preSolution
		Debug|Any CPU = Debug|Any CPU
		Release|Any CPU = Release|Any CPU
	EndGlobalSection
	GlobalSection(ProjectConfigurationPlatforms) = postSolution
		{155D40DA-094F-4CB8-9B4C-357D9C9BAACE}.Debug|Any CPU.ActiveCfg = Debug|Any CPU
		{155D40DA-094F-4CB8-9B4C-357D9C9BAACE}.Release|Any CPU.ActiveCfg = Release|Any CPU
	EndGlobalSection
	GlobalSection(SolutionProperties) = preSolution
		HideSolutionNode = FALSE
	EndGlobalSection
	GlobalSection(ExtensibilityGlobals) = postSolution
		SolutionGuid = {518205E3-D671-4465-9580-5B2BEB5CC7F6}
	EndGlobalSection
EndGlobal
